
Microsoft Visual Studio Solution File, Format Version 12.00
# Visual Studio Version 17
VisualStudioVersion = 17.12.35527.113
MinimumVisualStudioVersion = 10.0.40219.1
Project("{FAE04EC0-301F-11D3-BF4B-00C04F79EFBC}") = "UTS_BrainBox", "UTS_BrainBox\UTS_BrainBox.csproj", "{14A49446-C5CE-4504-BCA6-F5587596E8D8}"
EndProject
Project("{FAE04EC0-301F-11D3-BF4B-00C04F79EFBC}") = "UTS_BrainBox.Client", "UTS_BrainBox.Client\UTS_BrainBox.Client.csproj", "{5E80ED76-E270-459F-B423-F69FE54F51AA}"
EndProject
Global
	GlobalSection(SolutionConfigurationPlatforms) = preSolution
		Debug|Any CPU = Debug|Any CPU
		Release|Any CPU = Release|Any CPU
	EndGlobalSection
	GlobalSection(ProjectConfigurationPlatforms) = postSolution
		{14A49446-C5CE-4504-BCA6-F5587596E8D8}.Debug|Any CPU.ActiveCfg = Debug|Any CPU
		{14A49446-C5CE-4504-BCA6-F5587596E8D8}.Debug|Any CPU.Build.0 = Debug|Any CPU
		{14A49446-C5CE-4504-BCA6-F5587596E8D8}.Release|Any CPU.ActiveCfg = Release|Any CPU
		{14A49446-C5CE-4504-BCA6-F5587596E8D8}.Release|Any CPU.Build.0 = Release|Any CPU
		{5E80ED76-E270-459F-B423-F69FE54F51AA}.Debug|Any CPU.ActiveCfg = Debug|Any CPU
		{5E80ED76-E270-459F-B423-F69FE54F51AA}.Debug|Any CPU.Build.0 = Debug|Any CPU
		{5E80ED76-E270-459F-B423-F69FE54F51AA}.Release|Any CPU.ActiveCfg = Release|Any CPU
		{5E80ED76-E270-459F-B423-F69FE54F51AA}.Release|Any CPU.Build.0 = Release|Any CPU
	EndGlobalSection
	GlobalSection(SolutionProperties) = preSolution
		HideSolutionNode = FALSE
	EndGlobalSection
EndGlobal
